
Microsoft Visual Studio Solution File, Format Version 12.00
# Visual Studio 15
VisualStudioVersion = 15.0.28307.1831
MinimumVisualStudioVersion = 10.0.40219.1
Project("{FAE04EC0-301F-11D3-BF4B-00C04F79EFBC}") = "ZaIn_L4_test2", "ZaIn_L4_test2\ZaIn_L4_test2.csproj", "{AD1D61C5-AA28-437F-ACFD-92394A0401B6}"
EndProject
Global
	GlobalSection(SolutionConfigurationPlatforms) = preSolution
		Debug|Any CPU = Debug|Any CPU
		Release|Any CPU = Release|Any CPU
	EndGlobalSection
	GlobalSection(ProjectConfigurationPlatforms) = postSolution
		{AD1D61C5-AA28-437F-ACFD-92394A0401B6}.Debug|Any CPU.ActiveCfg = Debug|Any CPU
		{AD1D61C5-AA28-437F-ACFD-92394A0401B6}.Debug|Any CPU.Build.0 = Debug|Any CPU
		{AD1D61C5-AA28-437F-ACFD-92394A0401B6}.Release|Any CPU.ActiveCfg = Release|Any CPU
		{AD1D61C5-AA28-437F-ACFD-92394A0401B6}.Release|Any CPU.Build.0 = Release|Any CPU
	EndGlobalSection
	GlobalSection(SolutionProperties) = preSolution
		HideSolutionNode = FALSE
	EndGlobalSection
	GlobalSection(ExtensibilityGlobals) = postSolution
		SolutionGuid = {B44E5EF3-50E5-48D2-91B4-1C5EF0451A23}
	EndGlobalSection
EndGlobal
